
Microsoft Visual Studio Solution File, Format Version 12.00
# Visual Studio Version 17
VisualStudioVersion = 17.5.33516.290
MinimumVisualStudioVersion = 10.0.40219.1
Project("{FAE04EC0-301F-11D3-BF4B-00C04F79EFBC}") = "TestPrism", "TestPrism\TestPrism.csproj", "{887CAF79-87C3-4C68-91B1-5ADAE7EF4025}"
EndProject
Project("{2150E333-8FDC-42A3-9474-1A3956D46DE8}") = "1.Main", "1.Main", "{2DC86AC9-7A39-45C2-A1AF-563307DA12CD}"
EndProject
Project("{2150E333-8FDC-42A3-9474-1A3956D46DE8}") = "2.Module", "2.Module", "{220C360E-77EC-40E9-9F78-819C908FF39C}"
EndProject
Project("{2150E333-8FDC-42A3-9474-1A3956D46DE8}") = "3.BLL", "3.BLL", "{85F37B07-447D-4AC2-BF48-438EBCE2CCE5}"
EndProject
Project("{2150E333-8FDC-42A3-9474-1A3956D46DE8}") = "4.DAL", "4.DAL", "{70D83C96-68FE-4EFD-A9A9-B65A4D232991}"
EndProject
Project("{2150E333-8FDC-42A3-9474-1A3956D46DE8}") = "5.Entity", "5.Entity", "{5C0E4920-DCED-445B-B5C3-73E5383C028C}"
EndProject
Project("{2150E333-8FDC-42A3-9474-1A3956D46DE8}") = "6.Common", "6.Common", "{AD765368-659A-4CBE-848B-3298E5C6C662}"
EndProject
Project("{FAE04EC0-301F-11D3-BF4B-00C04F79EFBC}") = "BLL", "BLL\BLL.csproj", "{C8C32FC1-1261-4908-96CD-FCABE6262C3F}"
EndProject
Project("{FAE04EC0-301F-11D3-BF4B-00C04F79EFBC}") = "IBLL", "IBLL\IBLL.csproj", "{A8ABD728-FD49-40FE-A291-BA050EB845C2}"
EndProject
Project("{FAE04EC0-301F-11D3-BF4B-00C04F79EFBC}") = "DAL", "DAL\DAL.csproj", "{17148FD0-DE3B-4B7F-BBC5-14CB8A69F0C4}"
EndProject
Project("{FAE04EC0-301F-11D3-BF4B-00C04F79EFBC}") = "IDAL", "IDAL\IDAL.csproj", "{7727E018-7519-41DB-BD4F-C9A4A71CFFAE}"
EndProject
Project("{FAE04EC0-301F-11D3-BF4B-00C04F79EFBC}") = "Entity", "Entity\Entity.csproj", "{2D6016FF-ADC7-4ADE-B41D-A2A201C0190D}"
EndProject
Global
	GlobalSection(SolutionConfigurationPlatforms) = preSolution
		Debug|Any CPU = Debug|Any CPU
		Release|Any CPU = Release|Any CPU
	EndGlobalSection
	GlobalSection(ProjectConfigurationPlatforms) = postSolution
		{887CAF79-87C3-4C68-91B1-5ADAE7EF4025}.Debug|Any CPU.ActiveCfg = Debug|Any CPU
		{887CAF79-87C3-4C68-91B1-5ADAE7EF4025}.Debug|Any CPU.Build.0 = Debug|Any CPU
		{887CAF79-87C3-4C68-91B1-5ADAE7EF4025}.Release|Any CPU.ActiveCfg = Release|Any CPU
		{887CAF79-87C3-4C68-91B1-5ADAE7EF4025}.Release|Any CPU.Build.0 = Release|Any CPU
		{C8C32FC1-1261-4908-96CD-FCABE6262C3F}.Debug|Any CPU.ActiveCfg = Debug|Any CPU
		{C8C32FC1-1261-4908-96CD-FCABE6262C3F}.Debug|Any CPU.Build.0 = Debug|Any CPU
		{C8C32FC1-1261-4908-96CD-FCABE6262C3F}.Release|Any CPU.ActiveCfg = Release|Any CPU
		{C8C32FC1-1261-4908-96CD-FCABE6262C3F}.Release|Any CPU.Build.0 = Release|Any CPU
		{A8ABD728-FD49-40FE-A291-BA050EB845C2}.Debug|Any CPU.ActiveCfg = Debug|Any CPU
		{A8ABD728-FD49-40FE-A291-BA050EB845C2}.Debug|Any CPU.Build.0 = Debug|Any CPU
		{A8ABD728-FD49-40FE-A291-BA050EB845C2}.Release|Any CPU.ActiveCfg = Release|Any CPU
		{A8ABD728-FD49-40FE-A291-BA050EB845C2}.Release|Any CPU.Build.0 = Release|Any CPU
		{17148FD0-DE3B-4B7F-BBC5-14CB8A69F0C4}.Debug|Any CPU.ActiveCfg = Debug|Any CPU
		{17148FD0-DE3B-4B7F-BBC5-14CB8A69F0C4}.Debug|Any CPU.Build.0 = Debug|Any CPU
		{17148FD0-DE3B-4B7F-BBC5-14CB8A69F0C4}.Release|Any CPU.ActiveCfg = Release|Any CPU
		{17148FD0-DE3B-4B7F-BBC5-14CB8A69F0C4}.Release|Any CPU.Build.0 = Release|Any CPU
		{7727E018-7519-41DB-BD4F-C9A4A71CFFAE}.Debug|Any CPU.ActiveCfg = Debug|Any CPU
		{7727E018-7519-41DB-BD4F-C9A4A71CFFAE}.Debug|Any CPU.Build.0 = Debug|Any CPU
		{7727E018-7519-41DB-BD4F-C9A4A71CFFAE}.Release|Any CPU.ActiveCfg = Release|Any CPU
		{7727E018-7519-41DB-BD4F-C9A4A71CFFAE}.Release|Any CPU.Build.0 = Release|Any CPU
		{2D6016FF-ADC7-4ADE-B41D-A2A201C0190D}.Debug|Any CPU.ActiveCfg = Debug|Any CPU
		{2D6016FF-ADC7-4ADE-B41D-A2A201C0190D}.Debug|Any CPU.Build.0 = Debug|Any CPU
		{2D6016FF-ADC7-4ADE-B41D-A2A201C0190D}.Release|Any CPU.ActiveCfg = Release|Any CPU
		{2D6016FF-ADC7-4ADE-B41D-A2A201C0190D}.Release|Any CPU.Build.0 = Release|Any CPU
	EndGlobalSection
	GlobalSection(SolutionProperties) = preSolution
		HideSolutionNode = FALSE
	EndGlobalSection
	GlobalSection(NestedProjects) = preSolution
		{887CAF79-87C3-4C68-91B1-5ADAE7EF4025} = {220C360E-77EC-40E9-9F78-819C908FF39C}
		{C8C32FC1-1261-4908-96CD-FCABE6262C3F} = {85F37B07-447D-4AC2-BF48-438EBCE2CCE5}
		{A8ABD728-FD49-40FE-A291-BA050EB845C2} = {85F37B07-447D-4AC2-BF48-438EBCE2CCE5}
		{17148FD0-DE3B-4B7F-BBC5-14CB8A69F0C4} = {70D83C96-68FE-4EFD-A9A9-B65A4D232991}
		{7727E018-7519-41DB-BD4F-C9A4A71CFFAE} = {70D83C96-68FE-4EFD-A9A9-B65A4D232991}
		{2D6016FF-ADC7-4ADE-B41D-A2A201C0190D} = {5C0E4920-DCED-445B-B5C3-73E5383C028C}
	EndGlobalSection
	GlobalSection(ExtensibilityGlobals) = postSolution
		SolutionGuid = {EAFFDC4B-6ABD-46AE-92AB-C5C157C20D5C}
	EndGlobalSection
EndGlobal
